
Microsoft Visual Studio Solution File, Format Version 12.00
# Visual Studio 14
VisualStudioVersion = 14.0.23107.0
MinimumVisualStudioVersion = 10.0.40219.1
Project("{FAE04EC0-301F-11D3-BF4B-00C04F79EFBC}") = "NotificationsExtensions.Win10.Portable", "NotificationsExtensions.Win10.Portable\NotificationsExtensions.Win10.Portable.csproj", "{DF77CE61-4633-49EC-90B1-DEBE0ED19EB6}"
EndProject
Project("{FAE04EC0-301F-11D3-BF4B-00C04F79EFBC}") = "NotificationsExtensions.Win10.WinRT", "NotificationsExtensions.Win10.WinRT\NotificationsExtensions.Win10.WinRT.csproj", "{2E0F30A7-4D63-427D-B547-024B44BD2CFB}"
EndProject
Project("{FAE04EC0-301F-11D3-BF4B-00C04F79EFBC}") = "NotificationsExtensions.SampleApp", "NotificationsExtensions.SampleApp\NotificationsExtensions.SampleApp.csproj", "{B1998D8C-0BE5-4CD3-BD80-DF8D7ABB0BD5}"
EndProject
Project("{262852C6-CD72-467D-83FE-5EEB1973A190}") = "NotificationsExtensions.SampleJavascriptApp", "NotificationsExtensions.SampleJavascriptApp\NotificationsExtensions.SampleJavascriptApp.jsproj", "{DACB18E5-9731-4453-8159-3E16E8DC0489}"
EndProject
Project("{D954291E-2A0B-460D-934E-DC6B0785DB48}") = "NotificationsExtensions", "NotificationsExtensions\NotificationsExtensions.shproj", "{8F4CC187-1AE8-4DB4-9CBC-0380DE29E84B}"
EndProject
Project("{FAE04EC0-301F-11D3-BF4B-00C04F79EFBC}") = "NotificationsExtensions.Win10.NETCore", "NotificationsExtensions.Win10.NETCore\NotificationsExtensions.Win10.NETCore.csproj", "{D904D8C8-AEC5-440B-B80E-D42FF3B91EDE}"
EndProject
Project("{D954291E-2A0B-460D-934E-DC6B0785DB48}") = "NotificationsExtensions.Test", "NotificationsExtensions.Test\NotificationsExtensions.Test.shproj", "{6672BCC5-FFE8-4FDF-A982-9D4840F70678}"
EndProject
Project("{FAE04EC0-301F-11D3-BF4B-00C04F79EFBC}") = "NotificationsExtensions.Win10.Test.NETCore", "NotificationsExtensions.WIn10.Test.NETCore\NotificationsExtensions.Win10.Test.NETCore.csproj", "{2135EDD4-3C9F-4F3B-8040-96D4449FB1D8}"
EndProject
Project("{FAE04EC0-301F-11D3-BF4B-00C04F79EFBC}") = "NotificationsExtensions.Win10.Test.Portable", "NotificationsExtensions.Win10.Test.Portable\NotificationsExtensions.Win10.Test.Portable.csproj", "{C4518F16-3500-4021-8B19-F1B1FD3B0815}"
EndProject
Global
	GlobalSection(SharedMSBuildProjectFiles) = preSolution
		NotificationsExtensions\NotificationsExtensions.projitems*{8f4cc187-1ae8-4db4-9cbc-0380de29e84b}*SharedItemsImports = 13
		NotificationsExtensions\NotificationsExtensions.projitems*{d904d8c8-aec5-440b-b80e-d42ff3b91ede}*SharedItemsImports = 4
		NotificationsExtensions.Test\NotificationsExtensions.Test.projitems*{6672bcc5-ffe8-4fdf-a982-9d4840f70678}*SharedItemsImports = 13
		NotificationsExtensions\NotificationsExtensions.projitems*{df77ce61-4633-49ec-90b1-debe0ed19eb6}*SharedItemsImports = 4
		NotificationsExtensions\NotificationsExtensions.projitems*{2e0f30a7-4d63-427d-b547-024b44bd2cfb}*SharedItemsImports = 4
	EndGlobalSection
	GlobalSection(SolutionConfigurationPlatforms) = preSolution
		Debug|Any CPU = Debug|Any CPU
		Debug|ARM = Debug|ARM
		Debug|x64 = Debug|x64
		Debug|x86 = Debug|x86
		Release|Any CPU = Release|Any CPU
		Release|ARM = Release|ARM
		Release|x64 = Release|x64
		Release|x86 = Release|x86
	EndGlobalSection
	GlobalSection(ProjectConfigurationPlatforms) = postSolution
		{DF77CE61-4633-49EC-90B1-DEBE0ED19EB6}.Debug|Any CPU.ActiveCfg = Debug|Any CPU
		{DF77CE61-4633-49EC-90B1-DEBE0ED19EB6}.Debug|Any CPU.Build.0 = Debug|Any CPU
		{DF77CE61-4633-49EC-90B1-DEBE0ED19EB6}.Debug|ARM.ActiveCfg = Debug|Any CPU
		{DF77CE61-4633-49EC-90B1-DEBE0ED19EB6}.Debug|ARM.Build.0 = Debug|Any CPU
		{DF77CE61-4633-49EC-90B1-DEBE0ED19EB6}.Debug|x64.ActiveCfg = Debug|Any CPU
		{DF77CE61-4633-49EC-90B1-DEBE0ED19EB6}.Debug|x64.Build.0 = Debug|Any CPU
		{DF77CE61-4633-49EC-90B1-DEBE0ED19EB6}.Debug|x86.ActiveCfg = Debug|Any CPU
		{DF77CE61-4633-49EC-90B1-DEBE0ED19EB6}.Debug|x86.Build.0 = Debug|Any CPU
		{DF77CE61-4633-49EC-90B1-DEBE0ED19EB6}.Release|Any CPU.ActiveCfg = Release|Any CPU
		{DF77CE61-4633-49EC-90B1-DEBE0ED19EB6}.Release|Any CPU.Build.0 = Release|Any CPU
		{DF77CE61-4633-49EC-90B1-DEBE0ED19EB6}.Release|ARM.ActiveCfg = Release|Any CPU
		{DF77CE61-4633-49EC-90B1-DEBE0ED19EB6}.Release|ARM.Build.0 = Release|Any CPU
		{DF77CE61-4633-49EC-90B1-DEBE0ED19EB6}.Release|x64.ActiveCfg = Release|Any CPU
		{DF77CE61-4633-49EC-90B1-DEBE0ED19EB6}.Release|x64.Build.0 = Release|Any CPU
		{DF77CE61-4633-49EC-90B1-DEBE0ED19EB6}.Release|x86.ActiveCfg = Release|Any CPU
		{DF77CE61-4633-49EC-90B1-DEBE0ED19EB6}.Release|x86.Build.0 = Release|Any CPU
		{2E0F30A7-4D63-427D-B547-024B44BD2CFB}.Debug|Any CPU.ActiveCfg = Debug|Any CPU
		{2E0F30A7-4D63-427D-B547-024B44BD2CFB}.Debug|Any CPU.Build.0 = Debug|Any CPU
		{2E0F30A7-4D63-427D-B547-024B44BD2CFB}.Debug|ARM.ActiveCfg = Debug|ARM
		{2E0F30A7-4D63-427D-B547-024B44BD2CFB}.Debug|ARM.Build.0 = Debug|ARM
		{2E0F30A7-4D63-427D-B547-024B44BD2CFB}.Debug|x64.ActiveCfg = Debug|x64
		{2E0F30A7-4D63-427D-B547-024B44BD2CFB}.Debug|x64.Build.0 = Debug|x64
		{2E0F30A7-4D63-427D-B547-024B44BD2CFB}.Debug|x86.ActiveCfg = Debug|x86
		{2E0F30A7-4D63-427D-B547-024B44BD2CFB}.Debug|x86.Build.0 = Debug|x86
		{2E0F30A7-4D63-427D-B547-024B44BD2CFB}.Release|Any CPU.ActiveCfg = Release|Any CPU
		{2E0F30A7-4D63-427D-B547-024B44BD2CFB}.Release|Any CPU.Build.0 = Release|Any CPU
		{2E0F30A7-4D63-427D-B547-024B44BD2CFB}.Release|ARM.ActiveCfg = Release|ARM
		{2E0F30A7-4D63-427D-B547-024B44BD2CFB}.Release|ARM.Build.0 = Release|ARM
		{2E0F30A7-4D63-427D-B547-024B44BD2CFB}.Release|x64.ActiveCfg = Release|x64
		{2E0F30A7-4D63-427D-B547-024B44BD2CFB}.Release|x64.Build.0 = Release|x64
		{2E0F30A7-4D63-427D-B547-024B44BD2CFB}.Release|x86.ActiveCfg = Release|x86
		{2E0F30A7-4D63-427D-B547-024B44BD2CFB}.Release|x86.Build.0 = Release|x86
		{B1998D8C-0BE5-4CD3-BD80-DF8D7ABB0BD5}.Debug|Any CPU.ActiveCfg = Debug|x86
		{B1998D8C-0BE5-4CD3-BD80-DF8D7ABB0BD5}.Debug|ARM.ActiveCfg = Debug|ARM
		{B1998D8C-0BE5-4CD3-BD80-DF8D7ABB0BD5}.Debug|ARM.Build.0 = Debug|ARM
		{B1998D8C-0BE5-4CD3-BD80-DF8D7ABB0BD5}.Debug|ARM.Deploy.0 = Debug|ARM
		{B1998D8C-0BE5-4CD3-BD80-DF8D7ABB0BD5}.Debug|x64.ActiveCfg = Debug|x64
		{B1998D8C-0BE5-4CD3-BD80-DF8D7ABB0BD5}.Debug|x64.Build.0 = Debug|x64
		{B1998D8C-0BE5-4CD3-BD80-DF8D7ABB0BD5}.Debug|x64.Deploy.0 = Debug|x64
		{B1998D8C-0BE5-4CD3-BD80-DF8D7ABB0BD5}.Debug|x86.ActiveCfg = Debug|x86
		{B1998D8C-0BE5-4CD3-BD80-DF8D7ABB0BD5}.Debug|x86.Build.0 = Debug|x86
		{B1998D8C-0BE5-4CD3-BD80-DF8D7ABB0BD5}.Debug|x86.Deploy.0 = Debug|x86
		{B1998D8C-0BE5-4CD3-BD80-DF8D7ABB0BD5}.Release|Any CPU.ActiveCfg = Release|x86
		{B1998D8C-0BE5-4CD3-BD80-DF8D7ABB0BD5}.Release|Any CPU.Build.0 = Release|x86
		{B1998D8C-0BE5-4CD3-BD80-DF8D7ABB0BD5}.Release|Any CPU.Deploy.0 = Release|x86
		{B1998D8C-0BE5-4CD3-BD80-DF8D7ABB0BD5}.Release|ARM.ActiveCfg = Release|ARM
		{B1998D8C-0BE5-4CD3-BD80-DF8D7ABB0BD5}.Release|ARM.Build.0 = Release|ARM
		{B1998D8C-0BE5-4CD3-BD80-DF8D7ABB0BD5}.Release|ARM.Deploy.0 = Release|ARM
		{B1998D8C-0BE5-4CD3-BD80-DF8D7ABB0BD5}.Release|x64.ActiveCfg = Release|x64
		{B1998D8C-0BE5-4CD3-BD80-DF8D7ABB0BD5}.Release|x64.Build.0 = Release|x64
		{B1998D8C-0BE5-4CD3-BD80-DF8D7ABB0BD5}.Release|x64.Deploy.0 = Release|x64
		{B1998D8C-0BE5-4CD3-BD80-DF8D7ABB0BD5}.Release|x86.ActiveCfg = Release|x86
		{B1998D8C-0BE5-4CD3-BD80-DF8D7ABB0BD5}.Release|x86.Build.0 = Release|x86
		{B1998D8C-0BE5-4CD3-BD80-DF8D7ABB0BD5}.Release|x86.Deploy.0 = Release|x86
		{DACB18E5-9731-4453-8159-3E16E8DC0489}.Debug|Any CPU.ActiveCfg = Debug|Any CPU
		{DACB18E5-9731-4453-8159-3E16E8DC0489}.Debug|Any CPU.Build.0 = Debug|Any CPU
		{DACB18E5-9731-4453-8159-3E16E8DC0489}.Debug|Any CPU.Deploy.0 = Debug|Any CPU
		{DACB18E5-9731-4453-8159-3E16E8DC0489}.Debug|ARM.ActiveCfg = Debug|ARM
		{DACB18E5-9731-4453-8159-3E16E8DC0489}.Debug|ARM.Build.0 = Debug|ARM
		{DACB18E5-9731-4453-8159-3E16E8DC0489}.Debug|ARM.Deploy.0 = Debug|ARM
		{DACB18E5-9731-4453-8159-3E16E8DC0489}.Debug|x64.ActiveCfg = Debug|x64
		{DACB18E5-9731-4453-8159-3E16E8DC0489}.Debug|x64.Build.0 = Debug|x64
		{DACB18E5-9731-4453-8159-3E16E8DC0489}.Debug|x64.Deploy.0 = Debug|x64
		{DACB18E5-9731-4453-8159-3E16E8DC0489}.Debug|x86.ActiveCfg = Debug|x86
		{DACB18E5-9731-4453-8159-3E16E8DC0489}.Debug|x86.Build.0 = Debug|x86
		{DACB18E5-9731-4453-8159-3E16E8DC0489}.Debug|x86.Deploy.0 = Debug|x86
		{DACB18E5-9731-4453-8159-3E16E8DC0489}.Release|Any CPU.ActiveCfg = Release|x86
		{DACB18E5-9731-4453-8159-3E16E8DC0489}.Release|Any CPU.Build.0 = Release|x86
		{DACB18E5-9731-4453-8159-3E16E8DC0489}.Release|Any CPU.Deploy.0 = Release|x86
		{DACB18E5-9731-4453-8159-3E16E8DC0489}.Release|ARM.ActiveCfg = Release|ARM
		{DACB18E5-9731-4453-8159-3E16E8DC0489}.Release|ARM.Build.0 = Release|ARM
		{DACB18E5-9731-4453-8159-3E16E8DC0489}.Release|ARM.Deploy.0 = Release|ARM
		{DACB18E5-9731-4453-8159-3E16E8DC0489}.Release|x64.ActiveCfg = Release|x64
		{DACB18E5-9731-4453-8159-3E16E8DC0489}.Release|x64.Build.0 = Release|x64
		{DACB18E5-9731-4453-8159-3E16E8DC0489}.Release|x64.Deploy.0 = Release|x64
		{DACB18E5-9731-4453-8159-3E16E8DC0489}.Release|x86.ActiveCfg = Release|x86
		{DACB18E5-9731-4453-8159-3E16E8DC0489}.Release|x86.Build.0 = Release|x86
		{DACB18E5-9731-4453-8159-3E16E8DC0489}.Release|x86.Deploy.0 = Release|x86
		{D904D8C8-AEC5-440B-B80E-D42FF3B91EDE}.Debug|Any CPU.ActiveCfg = Debug|Any CPU
		{D904D8C8-AEC5-440B-B80E-D42FF3B91EDE}.Debug|Any CPU.Build.0 = Debug|Any CPU
		{D904D8C8-AEC5-440B-B80E-D42FF3B91EDE}.Debug|ARM.ActiveCfg = Debug|Any CPU
		{D904D8C8-AEC5-440B-B80E-D42FF3B91EDE}.Debug|ARM.Build.0 = Debug|Any CPU
		{D904D8C8-AEC5-440B-B80E-D42FF3B91EDE}.Debug|x64.ActiveCfg = Debug|Any CPU
		{D904D8C8-AEC5-440B-B80E-D42FF3B91EDE}.Debug|x64.Build.0 = Debug|Any CPU
		{D904D8C8-AEC5-440B-B80E-D42FF3B91EDE}.Debug|x86.ActiveCfg = Debug|Any CPU
		{D904D8C8-AEC5-440B-B80E-D42FF3B91EDE}.Debug|x86.Build.0 = Debug|Any CPU
		{D904D8C8-AEC5-440B-B80E-D42FF3B91EDE}.Release|Any CPU.ActiveCfg = Release|Any CPU
		{D904D8C8-AEC5-440B-B80E-D42FF3B91EDE}.Release|Any CPU.Build.0 = Release|Any CPU
		{D904D8C8-AEC5-440B-B80E-D42FF3B91EDE}.Release|ARM.ActiveCfg = Release|Any CPU
		{D904D8C8-AEC5-440B-B80E-D42FF3B91EDE}.Release|ARM.Build.0 = Release|Any CPU
		{D904D8C8-AEC5-440B-B80E-D42FF3B91EDE}.Release|x64.ActiveCfg = Release|Any CPU
		{D904D8C8-AEC5-440B-B80E-D42FF3B91EDE}.Release|x64.Build.0 = Release|Any CPU
		{D904D8C8-AEC5-440B-B80E-D42FF3B91EDE}.Release|x86.ActiveCfg = Release|Any CPU
		{D904D8C8-AEC5-440B-B80E-D42FF3B91EDE}.Release|x86.Build.0 = Release|Any CPU
		{2135EDD4-3C9F-4F3B-8040-96D4449FB1D8}.Debug|Any CPU.ActiveCfg = Debug|Any CPU
		{2135EDD4-3C9F-4F3B-8040-96D4449FB1D8}.Debug|Any CPU.Build.0 = Debug|Any CPU
		{2135EDD4-3C9F-4F3B-8040-96D4449FB1D8}.Debug|ARM.ActiveCfg = Debug|Any CPU
		{2135EDD4-3C9F-4F3B-8040-96D4449FB1D8}.Debug|ARM.Build.0 = Debug|Any CPU
		{2135EDD4-3C9F-4F3B-8040-96D4449FB1D8}.Debug|x64.ActiveCfg = Debug|Any CPU
		{2135EDD4-3C9F-4F3B-8040-96D4449FB1D8}.Debug|x64.Build.0 = Debug|Any CPU
		{2135EDD4-3C9F-4F3B-8040-96D4449FB1D8}.Debug|x86.ActiveCfg = Debug|Any CPU
		{2135EDD4-3C9F-4F3B-8040-96D4449FB1D8}.Debug|x86.Build.0 = Debug|Any CPU
		{2135EDD4-3C9F-4F3B-8040-96D4449FB1D8}.Release|Any CPU.ActiveCfg = Release|Any CPU
		{2135EDD4-3C9F-4F3B-8040-96D4449FB1D8}.Release|Any CPU.Build.0 = Release|Any CPU
		{2135EDD4-3C9F-4F3B-8040-96D4449FB1D8}.Release|ARM.ActiveCfg = Release|Any CPU
		{2135EDD4-3C9F-4F3B-8040-96D4449FB1D8}.Release|ARM.Build.0 = Release|Any CPU
		{2135EDD4-3C9F-4F3B-8040-96D4449FB1D8}.Release|x64.ActiveCfg = Release|Any CPU
		{2135EDD4-3C9F-4F3B-8040-96D4449FB1D8}.Release|x64.Build.0 = Release|Any CPU
		{2135EDD4-3C9F-4F3B-8040-96D4449FB1D8}.Release|x86.ActiveCfg = Release|Any CPU
		{2135EDD4-3C9F-4F3B-8040-96D4449FB1D8}.Release|x86.Build.0 = Release|Any CPU
		{C4518F16-3500-4021-8B19-F1B1FD3B0815}.Debug|Any CPU.ActiveCfg = Debug|Any CPU
		{C4518F16-3500-4021-8B19-F1B1FD3B0815}.Debug|Any CPU.Build.0 = Debug|Any CPU
		{C4518F16-3500-4021-8B19-F1B1FD3B0815}.Debug|ARM.ActiveCfg = Debug|Any CPU
		{C4518F16-3500-4021-8B19-F1B1FD3B0815}.Debug|ARM.Build.0 = Debug|Any CPU
		{C4518F16-3500-4021-8B19-F1B1FD3B0815}.Debug|x64.ActiveCfg = Debug|Any CPU
		{C4518F16-3500-4021-8B19-F1B1FD3B0815}.Debug|x64.Build.0 = Debug|Any CPU
		{C4518F16-3500-4021-8B19-F1B1FD3B0815}.Debug|x86.ActiveCfg = Debug|Any CPU
		{C4518F16-3500-4021-8B19-F1B1FD3B0815}.Debug|x86.Build.0 = Debug|Any CPU
		{C4518F16-3500-4021-8B19-F1B1FD3B0815}.Release|Any CPU.ActiveCfg = Release|Any CPU
		{C4518F16-3500-4021-8B19-F1B1FD3B0815}.Release|Any CPU.Build.0 = Release|Any CPU
		{C4518F16-3500-4021-8B19-F1B1FD3B0815}.Release|ARM.ActiveCfg = Release|Any CPU
		{C4518F16-3500-4021-8B19-F1B1FD3B0815}.Release|ARM.Build.0 = Release|Any CPU
		{C4518F16-3500-4021-8B19-F1B1FD3B0815}.Release|x64.ActiveCfg = Release|Any CPU
		{C4518F16-3500-4021-8B19-F1B1FD3B0815}.Release|x64.Build.0 = Release|Any CPU
		{C4518F16-3500-4021-8B19-F1B1FD3B0815}.Release|x86.ActiveCfg = Release|Any CPU
		{C4518F16-3500-4021-8B19-F1B1FD3B0815}.Release|x86.Build.0 = Release|Any CPU
	EndGlobalSection
	GlobalSection(SolutionProperties) = preSolution
		HideSolutionNode = FALSE
	EndGlobalSection
EndGlobal
